
Microsoft Visual Studio Solution File, Format Version 11.00
# Visual Studio 2010
Project("{2150E333-8FDC-42A3-9474-1A3956D46DE8}") = "IOS", "IOS", "{CDC51E71-AA8E-498B-A5B4-CBDC70E65B36}"
EndProject
Project("{FAE04EC0-301F-11D3-BF4B-00C04F79EFBC}") = "HashBot.IPhone", "IPhone\HashBot.IPhone.csproj", "{75359426-13FA-4791-B6B5-6D399DD8B0FC}"
EndProject
Project("{FAE04EC0-301F-11D3-BF4B-00C04F79EFBC}") = "Logic", "Logic\Logic.csproj", "{40DEEF6F-D3D0-4AAA-86AD-E74908A31911}"
EndProject
Global
	GlobalSection(SolutionConfigurationPlatforms) = preSolution
		Debug|iPhoneSimulator = Debug|iPhoneSimulator
		Release|iPhoneSimulator = Release|iPhoneSimulator
		Debug|iPhone = Debug|iPhone
		Release|iPhone = Release|iPhone
		Ad-Hoc|iPhone = Ad-Hoc|iPhone
		AppStore|iPhone = AppStore|iPhone
	EndGlobalSection
	GlobalSection(ProjectConfigurationPlatforms) = postSolution
		{40DEEF6F-D3D0-4AAA-86AD-E74908A31911}.Ad-Hoc|iPhone.ActiveCfg = Release|Any CPU
		{40DEEF6F-D3D0-4AAA-86AD-E74908A31911}.Ad-Hoc|iPhone.Build.0 = Release|Any CPU
		{40DEEF6F-D3D0-4AAA-86AD-E74908A31911}.AppStore|iPhone.ActiveCfg = Release|Any CPU
		{40DEEF6F-D3D0-4AAA-86AD-E74908A31911}.AppStore|iPhone.Build.0 = Release|Any CPU
		{40DEEF6F-D3D0-4AAA-86AD-E74908A31911}.Debug|iPhone.ActiveCfg = Debug|Any CPU
		{40DEEF6F-D3D0-4AAA-86AD-E74908A31911}.Debug|iPhone.Build.0 = Debug|Any CPU
		{40DEEF6F-D3D0-4AAA-86AD-E74908A31911}.Debug|iPhoneSimulator.ActiveCfg = Debug|Any CPU
		{40DEEF6F-D3D0-4AAA-86AD-E74908A31911}.Debug|iPhoneSimulator.Build.0 = Debug|Any CPU
		{40DEEF6F-D3D0-4AAA-86AD-E74908A31911}.Release|iPhone.ActiveCfg = Release|Any CPU
		{40DEEF6F-D3D0-4AAA-86AD-E74908A31911}.Release|iPhone.Build.0 = Release|Any CPU
		{40DEEF6F-D3D0-4AAA-86AD-E74908A31911}.Release|iPhoneSimulator.ActiveCfg = Release|Any CPU
		{40DEEF6F-D3D0-4AAA-86AD-E74908A31911}.Release|iPhoneSimulator.Build.0 = Release|Any CPU
		{75359426-13FA-4791-B6B5-6D399DD8B0FC}.Ad-Hoc|iPhone.ActiveCfg = Ad-Hoc|iPhone
		{75359426-13FA-4791-B6B5-6D399DD8B0FC}.Ad-Hoc|iPhone.Build.0 = Ad-Hoc|iPhone
		{75359426-13FA-4791-B6B5-6D399DD8B0FC}.AppStore|iPhone.ActiveCfg = AppStore|iPhone
		{75359426-13FA-4791-B6B5-6D399DD8B0FC}.AppStore|iPhone.Build.0 = AppStore|iPhone
		{75359426-13FA-4791-B6B5-6D399DD8B0FC}.Debug|iPhone.ActiveCfg = Debug|iPhone
		{75359426-13FA-4791-B6B5-6D399DD8B0FC}.Debug|iPhone.Build.0 = Debug|iPhone
		{75359426-13FA-4791-B6B5-6D399DD8B0FC}.Debug|iPhoneSimulator.ActiveCfg = Debug|iPhoneSimulator
		{75359426-13FA-4791-B6B5-6D399DD8B0FC}.Debug|iPhoneSimulator.Build.0 = Debug|iPhoneSimulator
		{75359426-13FA-4791-B6B5-6D399DD8B0FC}.Release|iPhone.ActiveCfg = Release|iPhone
		{75359426-13FA-4791-B6B5-6D399DD8B0FC}.Release|iPhone.Build.0 = Release|iPhone
		{75359426-13FA-4791-B6B5-6D399DD8B0FC}.Release|iPhoneSimulator.ActiveCfg = Release|iPhoneSimulator
		{75359426-13FA-4791-B6B5-6D399DD8B0FC}.Release|iPhoneSimulator.Build.0 = Release|iPhoneSimulator
	EndGlobalSection
	GlobalSection(NestedProjects) = preSolution
		{75359426-13FA-4791-B6B5-6D399DD8B0FC} = {CDC51E71-AA8E-498B-A5B4-CBDC70E65B36}
	EndGlobalSection
	GlobalSection(MonoDevelopProperties) = preSolution
		StartupItem = IPhone\HashBot.IPhone.csproj
	EndGlobalSection
EndGlobal
